
Microsoft Visual Studio Solution File, Format Version 12.00
# Visual Studio Version 17
VisualStudioVersion = 17.1.32210.238
MinimumVisualStudioVersion = 10.0.40219.1
Project("{F184B08F-C81C-45F6-A57F-5ABD9991F28F}") = "ImageViewerBagian2", "ImageViewerBagian2\ImageViewerBagian2.vbproj", "{EDF6774F-3DF0-4AF6-97AF-7716CDF113D9}"
EndProject
Global
	GlobalSection(SolutionConfigurationPlatforms) = preSolution
		Debug|Any CPU = Debug|Any CPU
		Release|Any CPU = Release|Any CPU
	EndGlobalSection
	GlobalSection(ProjectConfigurationPlatforms) = postSolution
		{EDF6774F-3DF0-4AF6-97AF-7716CDF113D9}.Debug|Any CPU.ActiveCfg = Debug|Any CPU
		{EDF6774F-3DF0-4AF6-97AF-7716CDF113D9}.Debug|Any CPU.Build.0 = Debug|Any CPU
		{EDF6774F-3DF0-4AF6-97AF-7716CDF113D9}.Release|Any CPU.ActiveCfg = Release|Any CPU
		{EDF6774F-3DF0-4AF6-97AF-7716CDF113D9}.Release|Any CPU.Build.0 = Release|Any CPU
	EndGlobalSection
	GlobalSection(SolutionProperties) = preSolution
		HideSolutionNode = FALSE
	EndGlobalSection
	GlobalSection(ExtensibilityGlobals) = postSolution
		SolutionGuid = {87346FDF-CD24-4832-96EB-C60DF13ADF82}
	EndGlobalSection
EndGlobal
