
Microsoft Visual Studio Solution File, Format Version 12.00
# Visual Studio Version 17
VisualStudioVersion = 17.1.32210.238
MinimumVisualStudioVersion = 10.0.40219.1
Project("{F184B08F-C81C-45F6-A57F-5ABD9991F28F}") = "NotepadKu", "NotepadKu\NotepadKu.vbproj", "{D82BDE3D-E3D6-4A7A-AEEF-2DE32888ADA5}"
EndProject
Global
	GlobalSection(SolutionConfigurationPlatforms) = preSolution
		Debug|Any CPU = Debug|Any CPU
		Release|Any CPU = Release|Any CPU
	EndGlobalSection
	GlobalSection(ProjectConfigurationPlatforms) = postSolution
		{D82BDE3D-E3D6-4A7A-AEEF-2DE32888ADA5}.Debug|Any CPU.ActiveCfg = Debug|Any CPU
		{D82BDE3D-E3D6-4A7A-AEEF-2DE32888ADA5}.Debug|Any CPU.Build.0 = Debug|Any CPU
		{D82BDE3D-E3D6-4A7A-AEEF-2DE32888ADA5}.Release|Any CPU.ActiveCfg = Release|Any CPU
		{D82BDE3D-E3D6-4A7A-AEEF-2DE32888ADA5}.Release|Any CPU.Build.0 = Release|Any CPU
	EndGlobalSection
	GlobalSection(SolutionProperties) = preSolution
		HideSolutionNode = FALSE
	EndGlobalSection
	GlobalSection(ExtensibilityGlobals) = postSolution
		SolutionGuid = {62F45BF3-D33C-4133-BA8A-8D90650A7820}
	EndGlobalSection
EndGlobal
