
Microsoft Visual Studio Solution File, Format Version 12.00
# Visual Studio Version 17
VisualStudioVersion = 17.1.32228.430
MinimumVisualStudioVersion = 10.0.40219.1
Project("{F184B08F-C81C-45F6-A57F-5ABD9991F28F}") = "SIParkir", "SIParkir\SIParkir.vbproj", "{3A2571A6-B410-41AB-A595-E1ED33AD6F55}"
EndProject
Global
	GlobalSection(SolutionConfigurationPlatforms) = preSolution
		Debug|Any CPU = Debug|Any CPU
		Release|Any CPU = Release|Any CPU
	EndGlobalSection
	GlobalSection(ProjectConfigurationPlatforms) = postSolution
		{3A2571A6-B410-41AB-A595-E1ED33AD6F55}.Debug|Any CPU.ActiveCfg = Debug|Any CPU
		{3A2571A6-B410-41AB-A595-E1ED33AD6F55}.Debug|Any CPU.Build.0 = Debug|Any CPU
		{3A2571A6-B410-41AB-A595-E1ED33AD6F55}.Release|Any CPU.ActiveCfg = Release|Any CPU
		{3A2571A6-B410-41AB-A595-E1ED33AD6F55}.Release|Any CPU.Build.0 = Release|Any CPU
	EndGlobalSection
	GlobalSection(SolutionProperties) = preSolution
		HideSolutionNode = FALSE
	EndGlobalSection
	GlobalSection(ExtensibilityGlobals) = postSolution
		SolutionGuid = {151366BD-1FAE-48C7-9B0A-EF5AC4E62110}
	EndGlobalSection
EndGlobal
