
Microsoft Visual Studio Solution File, Format Version 12.00
# Visual Studio Version 17
VisualStudioVersion = 17.1.32228.430
MinimumVisualStudioVersion = 10.0.40219.1
Project("{F184B08F-C81C-45F6-A57F-5ABD9991F28F}") = "UDPClient", "UDPClient\UDPClient.vbproj", "{1BEC1CE2-B32A-4DB0-976A-58AE6CCB0066}"
EndProject
Global
	GlobalSection(SolutionConfigurationPlatforms) = preSolution
		Debug|Any CPU = Debug|Any CPU
		Release|Any CPU = Release|Any CPU
	EndGlobalSection
	GlobalSection(ProjectConfigurationPlatforms) = postSolution
		{1BEC1CE2-B32A-4DB0-976A-58AE6CCB0066}.Debug|Any CPU.ActiveCfg = Debug|Any CPU
		{1BEC1CE2-B32A-4DB0-976A-58AE6CCB0066}.Debug|Any CPU.Build.0 = Debug|Any CPU
		{1BEC1CE2-B32A-4DB0-976A-58AE6CCB0066}.Release|Any CPU.ActiveCfg = Release|Any CPU
		{1BEC1CE2-B32A-4DB0-976A-58AE6CCB0066}.Release|Any CPU.Build.0 = Release|Any CPU
	EndGlobalSection
	GlobalSection(SolutionProperties) = preSolution
		HideSolutionNode = FALSE
	EndGlobalSection
	GlobalSection(ExtensibilityGlobals) = postSolution
		SolutionGuid = {535591A0-E6EF-4169-B47A-BA5508BBA6F4}
	EndGlobalSection
EndGlobal
