
Microsoft Visual Studio Solution File, Format Version 12.00
# Visual Studio Version 17
VisualStudioVersion = 17.1.32210.238
MinimumVisualStudioVersion = 10.0.40219.1
Project("{F184B08F-C81C-45F6-A57F-5ABD9991F28F}") = "FileFinder", "FileFinder\FileFinder.vbproj", "{ED5A764C-FAAE-4231-A632-B11C438DC5F2}"
EndProject
Global
	GlobalSection(SolutionConfigurationPlatforms) = preSolution
		Debug|Any CPU = Debug|Any CPU
		Release|Any CPU = Release|Any CPU
	EndGlobalSection
	GlobalSection(ProjectConfigurationPlatforms) = postSolution
		{ED5A764C-FAAE-4231-A632-B11C438DC5F2}.Debug|Any CPU.ActiveCfg = Debug|Any CPU
		{ED5A764C-FAAE-4231-A632-B11C438DC5F2}.Debug|Any CPU.Build.0 = Debug|Any CPU
		{ED5A764C-FAAE-4231-A632-B11C438DC5F2}.Release|Any CPU.ActiveCfg = Release|Any CPU
		{ED5A764C-FAAE-4231-A632-B11C438DC5F2}.Release|Any CPU.Build.0 = Release|Any CPU
	EndGlobalSection
	GlobalSection(SolutionProperties) = preSolution
		HideSolutionNode = FALSE
	EndGlobalSection
	GlobalSection(ExtensibilityGlobals) = postSolution
		SolutionGuid = {E0451C4F-793B-440A-9EF3-9CB5CA13E9AB}
	EndGlobalSection
EndGlobal
