
Microsoft Visual Studio Solution File, Format Version 12.00
# Visual Studio Version 17
VisualStudioVersion = 17.0.32126.317
MinimumVisualStudioVersion = 10.0.40219.1
Project("{F184B08F-C81C-45F6-A57F-5ABD9991F28F}") = "LatJackpot", "LatJackpot\LatJackpot.vbproj", "{7EA3062A-4608-4103-BDB7-BC0A933A8652}"
EndProject
Global
	GlobalSection(SolutionConfigurationPlatforms) = preSolution
		Debug|Any CPU = Debug|Any CPU
		Release|Any CPU = Release|Any CPU
	EndGlobalSection
	GlobalSection(ProjectConfigurationPlatforms) = postSolution
		{7EA3062A-4608-4103-BDB7-BC0A933A8652}.Debug|Any CPU.ActiveCfg = Debug|Any CPU
		{7EA3062A-4608-4103-BDB7-BC0A933A8652}.Debug|Any CPU.Build.0 = Debug|Any CPU
		{7EA3062A-4608-4103-BDB7-BC0A933A8652}.Release|Any CPU.ActiveCfg = Release|Any CPU
		{7EA3062A-4608-4103-BDB7-BC0A933A8652}.Release|Any CPU.Build.0 = Release|Any CPU
	EndGlobalSection
	GlobalSection(SolutionProperties) = preSolution
		HideSolutionNode = FALSE
	EndGlobalSection
	GlobalSection(ExtensibilityGlobals) = postSolution
		SolutionGuid = {C77E0DE5-B9CA-4715-B769-CA9E8511DC18}
	EndGlobalSection
EndGlobal
